{
  "name": "rome-sandbox",
  "version": "1.0.0",
  "lockfileVersion": 2,
  "requires": true,
  "packages": {
    "": {
      "name": "rome-sandbox",
      "version": "1.0.0",
      "license": "ISC",
      "devDependencies": {
        "rome": "^0.7.0-next.f6510d6"
      }
    },
    "node_modules/@rometools/cli-darwin-arm64": {
      "version": "0.7.0-next.f6510d6",
      "resolved": "https://registry.npmjs.org/@rometools/cli-darwin-arm64/-/cli-darwin-arm64-0.7.0-next.f6510d6.tgz",
      "integrity": "sha512-pGXWFPwsZrjcExZu3CGh3pLaM3dJAgC4az2t9MfBEhyjHK6KHCh1EMGAjre2sbFEOmxtaz+UoBDqritG0HJR1w==",
      "cpu": [
        "arm64"
      ],
      "dev": true,
      "optional": true,
      "os": [
        "darwin"
      ]
    },
    "node_modules/@rometools/cli-darwin-x64": {
      "version": "0.7.0-next.f6510d6",
      "resolved": "https://registry.npmjs.org/@rometools/cli-darwin-x64/-/cli-darwin-x64-0.7.0-next.f6510d6.tgz",
      "integrity": "sha512-MpJn9mRGZYbupr4QUaVexdhcFKyMIzS0whXpa6xLTt9Oikm0ZYQBUyhULWnLd1i1tkjlMDfIm07H00nYbfMwpA==",
      "cpu": [
        "x64"
      ],
      "dev": true,
      "optional": true,
      "os": [
        "darwin"
      ]
    },
    "node_modules/@rometools/cli-linux-arm64": {
      "version": "0.7.0-next.f6510d6",
      "resolved": "https://registry.npmjs.org/@rometools/cli-linux-arm64/-/cli-linux-arm64-0.7.0-next.f6510d6.tgz",
      "integrity": "sha512-aaKOaTAYOQRbalTwKmhzOH5e08BWtuk4lNpD7TdH4kklK/+IfY3zbw6C6FTHIYGfvC5jZRMLSLO8oFW+9b0PXA==",
      "cpu": [
        "arm64"
      ],
      "dev": true,
      "optional": true,
      "os": [
        "linux"
      ]
    },
    "node_modules/@rometools/cli-linux-x64": {
      "version": "0.7.0-next.f6510d6",
      "resolved": "https://registry.npmjs.org/@rometools/cli-linux-x64/-/cli-linux-x64-0.7.0-next.f6510d6.tgz",
      "integrity": "sha512-1hFyT5s/9jL0uXeHZCEg18aPj//bB29z5vgNVBJS+SIvFyfNIGbRZOts5vu8ioF+h8n57KhLb4j3NumcAL/mzg==",
      "cpu": [
        "x64"
      ],
      "dev": true,
      "optional": true,
      "os": [
        "linux"
      ]
    },
    "node_modules/@rometools/cli-win32-arm64": {
      "version": "0.7.0-next.f6510d6",
      "resolved": "https://registry.npmjs.org/@rometools/cli-win32-arm64/-/cli-win32-arm64-0.7.0-next.f6510d6.tgz",
      "integrity": "sha512-knoxoYEpxVHlySOnDHW7RWnqW9o0APpMCr8ZGKyXHwGEQiOIjCoIVIxQ6jyj5U5sGwtMetNJgZ8lWSdMZkeHxA==",
      "cpu": [
        "arm64"
      ],
      "dev": true,
      "optional": true,
      "os": [
        "win32"
      ]
    },
    "node_modules/@rometools/cli-win32-x64": {
      "version": "0.7.0-next.f6510d6",
      "resolved": "https://registry.npmjs.org/@rometools/cli-win32-x64/-/cli-win32-x64-0.7.0-next.f6510d6.tgz",
      "integrity": "sha512-ntx0aSAZzLf82ezsCHLAoCEKJ91AiMpyVeD3ZtXExba3qiX1nW047LavAL0WTxbZ/E66uLdZEmXSfciEh7DFHQ==",
      "cpu": [
        "x64"
      ],
      "dev": true,
      "optional": true,
      "os": [
        "win32"
      ]
    },
    "node_modules/rome": {
      "version": "0.7.0-next.f6510d6",
      "resolved": "https://registry.npmjs.org/rome/-/rome-0.7.0-next.f6510d6.tgz",
      "integrity": "sha512-vg8juqZlOr5Xlj+aNcNdiKH6r5heyLCSqaMbh5BgV312vyYrM6Nm4KMFH1G/F+WFiAPweKc+GKG0G+/Z37NsfQ==",
      "dev": true,
      "hasInstallScript": true,
      "bin": {
        "rome": "bin/rome"
      },
      "engines": {
        "node": ">=14.*"
      },
      "optionalDependencies": {
        "@rometools/cli-darwin-arm64": "0.7.0-next.f6510d6",
        "@rometools/cli-darwin-x64": "0.7.0-next.f6510d6",
        "@rometools/cli-linux-arm64": "0.7.0-next.f6510d6",
        "@rometools/cli-linux-x64": "0.7.0-next.f6510d6",
        "@rometools/cli-win32-arm64": "0.7.0-next.f6510d6",
        "@rometools/cli-win32-x64": "0.7.0-next.f6510d6"
      }
    }
  },
  "dependencies": {
    "@rometools/cli-darwin-arm64": {
      "version": "0.7.0-next.f6510d6",
      "resolved": "https://registry.npmjs.org/@rometools/cli-darwin-arm64/-/cli-darwin-arm64-0.7.0-next.f6510d6.tgz",
      "integrity": "sha512-pGXWFPwsZrjcExZu3CGh3pLaM3dJAgC4az2t9MfBEhyjHK6KHCh1EMGAjre2sbFEOmxtaz+UoBDqritG0HJR1w==",
      "dev": true,
      "optional": true
    },
    "@rometools/cli-darwin-x64": {
      "version": "0.7.0-next.f6510d6",
      "resolved": "https://registry.npmjs.org/@rometools/cli-darwin-x64/-/cli-darwin-x64-0.7.0-next.f6510d6.tgz",
      "integrity": "sha512-MpJn9mRGZYbupr4QUaVexdhcFKyMIzS0whXpa6xLTt9Oikm0ZYQBUyhULWnLd1i1tkjlMDfIm07H00nYbfMwpA==",
      "dev": true,
      "optional": true
    },
    "@rometools/cli-linux-arm64": {
      "version": "0.7.0-next.f6510d6",
      "resolved": "https://registry.npmjs.org/@rometools/cli-linux-arm64/-/cli-linux-arm64-0.7.0-next.f6510d6.tgz",
      "integrity": "sha512-aaKOaTAYOQRbalTwKmhzOH5e08BWtuk4lNpD7TdH4kklK/+IfY3zbw6C6FTHIYGfvC5jZRMLSLO8oFW+9b0PXA==",
      "dev": true,
      "optional": true
    },
    "@rometools/cli-linux-x64": {
      "version": "0.7.0-next.f6510d6",
      "resolved": "https://registry.npmjs.org/@rometools/cli-linux-x64/-/cli-linux-x64-0.7.0-next.f6510d6.tgz",
      "integrity": "sha512-1hFyT5s/9jL0uXeHZCEg18aPj//bB29z5vgNVBJS+SIvFyfNIGbRZOts5vu8ioF+h8n57KhLb4j3NumcAL/mzg==",
      "dev": true,
      "optional": true
    },
    "@rometools/cli-win32-arm64": {
      "version": "0.7.0-next.f6510d6",
      "resolved": "https://registry.npmjs.org/@rometools/cli-win32-arm64/-/cli-win32-arm64-0.7.0-next.f6510d6.tgz",
      "integrity": "sha512-knoxoYEpxVHlySOnDHW7RWnqW9o0APpMCr8ZGKyXHwGEQiOIjCoIVIxQ6jyj5U5sGwtMetNJgZ8lWSdMZkeHxA==",
      "dev": true,
      "optional": true
    },
    "@rometools/cli-win32-x64": {
      "version": "0.7.0-next.f6510d6",
      "resolved": "https://registry.npmjs.org/@rometools/cli-win32-x64/-/cli-win32-x64-0.7.0-next.f6510d6.tgz",
      "integrity": "sha512-ntx0aSAZzLf82ezsCHLAoCEKJ91AiMpyVeD3ZtXExba3qiX1nW047LavAL0WTxbZ/E66uLdZEmXSfciEh7DFHQ==",
      "dev": true,
      "optional": true
    },
    "rome": {
      "version": "0.7.0-next.f6510d6",
      "resolved": "https://registry.npmjs.org/rome/-/rome-0.7.0-next.f6510d6.tgz",
      "integrity": "sha512-vg8juqZlOr5Xlj+aNcNdiKH6r5heyLCSqaMbh5BgV312vyYrM6Nm4KMFH1G/F+WFiAPweKc+GKG0G+/Z37NsfQ==",
      "dev": true,
      "requires": {
        "@rometools/cli-darwin-arm64": "0.7.0-next.f6510d6",
        "@rometools/cli-darwin-x64": "0.7.0-next.f6510d6",
        "@rometools/cli-linux-arm64": "0.7.0-next.f6510d6",
        "@rometools/cli-linux-x64": "0.7.0-next.f6510d6",
        "@rometools/cli-win32-arm64": "0.7.0-next.f6510d6",
        "@rometools/cli-win32-x64": "0.7.0-next.f6510d6"
      }
    }
  }
}
